
Microsoft Visual Studio Solution File, Format Version 12.00
# Visual Studio Version 16
VisualStudioVersion = 16.0.29709.97
MinimumVisualStudioVersion = 10.0.40219.1
Project("{FAE04EC0-301F-11D3-BF4B-00C04F79EFBC}") = "Masmusculo.Android", "Masmusculo\Masmusculo.Android\Masmusculo.Android.csproj", "{8EAF6A0B-AD49-4504-83B0-842EC4D34E5A}"
EndProject
Project("{FAE04EC0-301F-11D3-BF4B-00C04F79EFBC}") = "Masmusculo.iOS", "Masmusculo\Masmusculo.iOS\Masmusculo.iOS.csproj", "{BA113AF1-D4F3-4E8E-A9AD-E3FC88A90F75}"
EndProject
Project("{FAE04EC0-301F-11D3-BF4B-00C04F79EFBC}") = "Masmusculo", "Masmusculo\Masmusculo\Masmusculo.csproj", "{77B6EFD7-A6FF-454A-9EE0-0FBB4F39E1F9}"
EndProject
Global
	GlobalSection(SolutionConfigurationPlatforms) = preSolution
		Debug|Any CPU = Debug|Any CPU
		Debug|iPhone = Debug|iPhone
		Debug|iPhoneSimulator = Debug|iPhoneSimulator
		Release|Any CPU = Release|Any CPU
		Release|iPhone = Release|iPhone
		Release|iPhoneSimulator = Release|iPhoneSimulator
	EndGlobalSection
	GlobalSection(ProjectConfigurationPlatforms) = postSolution
		{8EAF6A0B-AD49-4504-83B0-842EC4D34E5A}.Debug|Any CPU.ActiveCfg = Debug|Any CPU
		{8EAF6A0B-AD49-4504-83B0-842EC4D34E5A}.Debug|Any CPU.Build.0 = Debug|Any CPU
		{8EAF6A0B-AD49-4504-83B0-842EC4D34E5A}.Debug|Any CPU.Deploy.0 = Debug|Any CPU
		{8EAF6A0B-AD49-4504-83B0-842EC4D34E5A}.Debug|iPhone.ActiveCfg = Debug|Any CPU
		{8EAF6A0B-AD49-4504-83B0-842EC4D34E5A}.Debug|iPhone.Build.0 = Debug|Any CPU
		{8EAF6A0B-AD49-4504-83B0-842EC4D34E5A}.Debug|iPhone.Deploy.0 = Debug|Any CPU
		{8EAF6A0B-AD49-4504-83B0-842EC4D34E5A}.Debug|iPhoneSimulator.ActiveCfg = Debug|Any CPU
		{8EAF6A0B-AD49-4504-83B0-842EC4D34E5A}.Debug|iPhoneSimulator.Build.0 = Debug|Any CPU
		{8EAF6A0B-AD49-4504-83B0-842EC4D34E5A}.Debug|iPhoneSimulator.Deploy.0 = Debug|Any CPU
		{8EAF6A0B-AD49-4504-83B0-842EC4D34E5A}.Release|Any CPU.ActiveCfg = Release|Any CPU
		{8EAF6A0B-AD49-4504-83B0-842EC4D34E5A}.Release|Any CPU.Build.0 = Release|Any CPU
		{8EAF6A0B-AD49-4504-83B0-842EC4D34E5A}.Release|Any CPU.Deploy.0 = Release|Any CPU
		{8EAF6A0B-AD49-4504-83B0-842EC4D34E5A}.Release|iPhone.ActiveCfg = Release|Any CPU
		{8EAF6A0B-AD49-4504-83B0-842EC4D34E5A}.Release|iPhone.Build.0 = Release|Any CPU
		{8EAF6A0B-AD49-4504-83B0-842EC4D34E5A}.Release|iPhone.Deploy.0 = Release|Any CPU
		{8EAF6A0B-AD49-4504-83B0-842EC4D34E5A}.Release|iPhoneSimulator.ActiveCfg = Release|Any CPU
		{8EAF6A0B-AD49-4504-83B0-842EC4D34E5A}.Release|iPhoneSimulator.Build.0 = Release|Any CPU
		{8EAF6A0B-AD49-4504-83B0-842EC4D34E5A}.Release|iPhoneSimulator.Deploy.0 = Release|Any CPU
		{BA113AF1-D4F3-4E8E-A9AD-E3FC88A90F75}.Debug|Any CPU.ActiveCfg = Debug|iPhoneSimulator
		{BA113AF1-D4F3-4E8E-A9AD-E3FC88A90F75}.Debug|Any CPU.Build.0 = Debug|iPhoneSimulator
		{BA113AF1-D4F3-4E8E-A9AD-E3FC88A90F75}.Debug|Any CPU.Deploy.0 = Debug|iPhoneSimulator
		{BA113AF1-D4F3-4E8E-A9AD-E3FC88A90F75}.Debug|iPhone.ActiveCfg = Debug|iPhone
		{BA113AF1-D4F3-4E8E-A9AD-E3FC88A90F75}.Debug|iPhone.Build.0 = Debug|iPhone
		{BA113AF1-D4F3-4E8E-A9AD-E3FC88A90F75}.Debug|iPhone.Deploy.0 = Debug|iPhone
		{BA113AF1-D4F3-4E8E-A9AD-E3FC88A90F75}.Debug|iPhoneSimulator.ActiveCfg = Debug|iPhoneSimulator
		{BA113AF1-D4F3-4E8E-A9AD-E3FC88A90F75}.Debug|iPhoneSimulator.Build.0 = Debug|iPhoneSimulator
		{BA113AF1-D4F3-4E8E-A9AD-E3FC88A90F75}.Debug|iPhoneSimulator.Deploy.0 = Debug|iPhoneSimulator
		{BA113AF1-D4F3-4E8E-A9AD-E3FC88A90F75}.Release|Any CPU.ActiveCfg = Release|iPhone
		{BA113AF1-D4F3-4E8E-A9AD-E3FC88A90F75}.Release|Any CPU.Build.0 = Release|iPhone
		{BA113AF1-D4F3-4E8E-A9AD-E3FC88A90F75}.Release|Any CPU.Deploy.0 = Release|iPhone
		{BA113AF1-D4F3-4E8E-A9AD-E3FC88A90F75}.Release|iPhone.ActiveCfg = Release|iPhone
		{BA113AF1-D4F3-4E8E-A9AD-E3FC88A90F75}.Release|iPhone.Build.0 = Release|iPhone
		{BA113AF1-D4F3-4E8E-A9AD-E3FC88A90F75}.Release|iPhone.Deploy.0 = Release|iPhone
		{BA113AF1-D4F3-4E8E-A9AD-E3FC88A90F75}.Release|iPhoneSimulator.ActiveCfg = Release|iPhoneSimulator
		{BA113AF1-D4F3-4E8E-A9AD-E3FC88A90F75}.Release|iPhoneSimulator.Build.0 = Release|iPhoneSimulator
		{BA113AF1-D4F3-4E8E-A9AD-E3FC88A90F75}.Release|iPhoneSimulator.Deploy.0 = Release|iPhoneSimulator
		{77B6EFD7-A6FF-454A-9EE0-0FBB4F39E1F9}.Debug|Any CPU.ActiveCfg = Debug|Any CPU
		{77B6EFD7-A6FF-454A-9EE0-0FBB4F39E1F9}.Debug|Any CPU.Build.0 = Debug|Any CPU
		{77B6EFD7-A6FF-454A-9EE0-0FBB4F39E1F9}.Debug|Any CPU.Deploy.0 = Debug|Any CPU
		{77B6EFD7-A6FF-454A-9EE0-0FBB4F39E1F9}.Debug|iPhone.ActiveCfg = Debug|Any CPU
		{77B6EFD7-A6FF-454A-9EE0-0FBB4F39E1F9}.Debug|iPhone.Build.0 = Debug|Any CPU
		{77B6EFD7-A6FF-454A-9EE0-0FBB4F39E1F9}.Debug|iPhone.Deploy.0 = Debug|Any CPU
		{77B6EFD7-A6FF-454A-9EE0-0FBB4F39E1F9}.Debug|iPhoneSimulator.ActiveCfg = Debug|Any CPU
		{77B6EFD7-A6FF-454A-9EE0-0FBB4F39E1F9}.Debug|iPhoneSimulator.Build.0 = Debug|Any CPU
		{77B6EFD7-A6FF-454A-9EE0-0FBB4F39E1F9}.Debug|iPhoneSimulator.Deploy.0 = Debug|Any CPU
		{77B6EFD7-A6FF-454A-9EE0-0FBB4F39E1F9}.Release|Any CPU.ActiveCfg = Release|Any CPU
		{77B6EFD7-A6FF-454A-9EE0-0FBB4F39E1F9}.Release|Any CPU.Build.0 = Release|Any CPU
		{77B6EFD7-A6FF-454A-9EE0-0FBB4F39E1F9}.Release|Any CPU.Deploy.0 = Release|Any CPU
		{77B6EFD7-A6FF-454A-9EE0-0FBB4F39E1F9}.Release|iPhone.ActiveCfg = Release|Any CPU
		{77B6EFD7-A6FF-454A-9EE0-0FBB4F39E1F9}.Release|iPhone.Build.0 = Release|Any CPU
		{77B6EFD7-A6FF-454A-9EE0-0FBB4F39E1F9}.Release|iPhone.Deploy.0 = Release|Any CPU
		{77B6EFD7-A6FF-454A-9EE0-0FBB4F39E1F9}.Release|iPhoneSimulator.ActiveCfg = Release|Any CPU
		{77B6EFD7-A6FF-454A-9EE0-0FBB4F39E1F9}.Release|iPhoneSimulator.Build.0 = Release|Any CPU
		{77B6EFD7-A6FF-454A-9EE0-0FBB4F39E1F9}.Release|iPhoneSimulator.Deploy.0 = Release|Any CPU
	EndGlobalSection
	GlobalSection(SolutionProperties) = preSolution
		HideSolutionNode = FALSE
	EndGlobalSection
	GlobalSection(ExtensibilityGlobals) = postSolution
		SolutionGuid = {7AD1CE55-FA77-4FCB-B438-43D2BD042BBB}
	EndGlobalSection
EndGlobal
